<?xml version="1.0" encoding="utf-8"?>
<Project ToolsVersion="4.0" xmlns="http://schemas.microsoft.com/developer/msbuild/2003">
  <ItemGroup>
    <Filter Include="Source Files">
      <UniqueIdentifier>{4FC737F1-C7A5-4376-A066-2A32D752A2FF}</UniqueIdentifier>
      <Extensions>cpp;c;cc;cxx;def;odl;idl;hpj;bat;asm;asmx</Extensions>
    </Filter>
    <Filter Include="Header Files">
      <UniqueIdentifier>{93995380-89BD-4b04-88EB-625FBE52EBFB}</UniqueIdentifier>
      <Extensions>h;hh;hpp;hxx;hm;inl;inc;xsd</Extensions>
    </Filter>
    <Filter Include="Resource Files">
      <UniqueIdentifier>{67DA6AB6-F800-4c08-8B7A-83BB121AAD01}</UniqueIdentifier>
      <Extensions>rc;ico;cur;bmp;dlg;rc2;rct;bin;rgs;gif;jpg;jpeg;jpe;resx;tiff;tif;png;wav;mfcribbon-ms</Extensions>
    </Filter>
    <Filter Include="Source Files\MapObject">
      <UniqueIdentifier>{91fcc917-6621-40dc-92a7-2693b2b49a81}</UniqueIdentifier>
    </Filter>
    <Filter Include="Header Files\MapObject">
      <UniqueIdentifier>{08efab77-b556-48f4-9b02-580a3c50fe69}</UniqueIdentifier>
    </Filter>
  </ItemGroup>
  <ItemGroup>
    <ClCompile Include="main.cpp">
      <Filter>Source Files</Filter>
    </ClCompile>
    <ClCompile Include="Object3D.cpp">
      <Filter>Source Files</Filter>
    </ClCompile>
    <ClCompile Include="Car.cpp">
      <Filter>Source Files</Filter>
    </ClCompile>
    <ClCompile Include="Wheel.cpp">
      <Filter>Source Files</Filter>
    </ClCompile>
    <ClCompile Include="MapManager.cpp">
      <Filter>Source Files</Filter>
    </ClCompile>
    <ClCompile Include="Orbit.cpp">
      <Filter>Source Files</Filter>
    </ClCompile>
    <ClCompile Include="MapObject.cpp">
      <Filter>Source Files</Filter>
    </ClCompile>
    <ClCompile Include="Barrier.cpp">
      <Filter>Source Files\MapObject</Filter>
    </ClCompile>
    <ClCompile Include="Building.cpp">
      <Filter>Source Files\MapObject</Filter>
    </ClCompile>
    <ClCompile Include="Common.cpp">
      <Filter>Source Files\MapObject</Filter>
    </ClCompile>
    <ClCompile Include="GreenArea.cpp">
      <Filter>Source Files\MapObject</Filter>
    </ClCompile>
    <ClCompile Include="HighlightedObject.cpp">
      <Filter>Source Files\MapObject</Filter>
    </ClCompile>
    <ClCompile Include="Parking.cpp">
      <Filter>Source Files\MapObject</Filter>
    </ClCompile>
    <ClCompile Include="River.cpp">
      <Filter>Source Files\MapObject</Filter>
    </ClCompile>
    <ClCompile Include="Street.cpp">
      <Filter>Source Files\MapObject</Filter>
    </ClCompile>
    <ClCompile Include="StreetLamp.cpp">
      <Filter>Source Files\MapObject</Filter>
    </ClCompile>
    <ClCompile Include="Bridge.cpp">
      <Filter>Source Files\MapObject</Filter>
    </ClCompile>
    <ClCompile Include="Railway.cpp">
      <Filter>Source Files\MapObject</Filter>
    </ClCompile>
    <ClCompile Include="Footway.cpp">
      <Filter>Source Files\MapObject</Filter>
    </ClCompile>
    <ClCompile Include="Roof.cpp">
      <Filter>Source Files\MapObject</Filter>
    </ClCompile>
    <ClCompile Include="TextureManager.cpp">
      <Filter>Source Files</Filter>
    </ClCompile>
    <ClCompile Include="Skybox.cpp">
      <Filter>Source Files\MapObject</Filter>
    </ClCompile>
    <ClCompile Include="Tree.cpp">
      <Filter>Source Files\MapObject</Filter>
    </ClCompile>
    <ClCompile Include="RelationalMapObject.cpp">
      <Filter>Source Files\MapObject</Filter>
    </ClCompile>
    <ClCompile Include="Water.cpp">
      <Filter>Source Files\MapObject</Filter>
    </ClCompile>
    <ClCompile Include="Riverbank.cpp">
      <Filter>Source Files\MapObject</Filter>
    </ClCompile>
    <ClCompile Include="BusShelter.cpp">
      <Filter>Source Files\MapObject</Filter>
    </ClCompile>
    <ClCompile Include="Crossing.cpp">
      <Filter>Source Files\MapObject</Filter>
    </ClCompile>
    <ClCompile Include="PasazGrunwaldzki.cpp">
      <Filter>Source Files\MapObject</Filter>
    </ClCompile>
    <ClCompile Include="Sedesowiec.cpp">
      <Filter>Source Files\MapObject</Filter>
    </ClCompile>
    <ClCompile Include="GrunwaldzkiCenter.cpp">
      <Filter>Source Files\MapObject</Filter>
    </ClCompile>
    <ClCompile Include="PwrC13.cpp">
      <Filter>Source Files\MapObject</Filter>
    </ClCompile>
    <ClCompile Include="MapContainer.cpp">
      <Filter>Source Files</Filter>
    </ClCompile>
    <ClCompile Include="Mesh.h">
      <Filter>Header Files</Filter>
    </ClCompile>
    <ClCompile Include="Mesh.cpp">
      <Filter>Source Files</Filter>
    </ClCompile>
    <ClCompile Include="CarGauge.cpp">
      <Filter>Source Files</Filter>
    </ClCompile>
    <ClCompile Include="CarParts.cpp">
      <Filter>Source Files</Filter>
    </ClCompile>
    <ClCompile Include="freetype.cpp">
      <Filter>Source Files</Filter>
    </ClCompile>
    <ClCompile Include="Screen2D.cpp">
      <Filter>Source Files</Filter>
    </ClCompile>
    <ClCompile Include="SoundManager.cpp">
      <Filter>Source Files</Filter>
    </ClCompile>
    <ClCompile Include="PacejkaModel.cpp">
      <Filter>Source Files</Filter>
    </ClCompile>
    <ClCompile Include="KeyboardManager.cpp">
      <Filter>Source Files</Filter>
    </ClCompile>
    <ClCompile Include="RaceTimer.cpp">
      <Filter>Source Files</Filter>
    </ClCompile>
    <ClCompile Include="GlobalStructures.cpp">
      <Filter>Source Files</Filter>
    </ClCompile>
    <ClCompile Include="MetaLine.cpp">
      <Filter>Source Files\MapObject</Filter>
    </ClCompile>
    <ClCompile Include="CameraManager.cpp">
      <Filter>Source Files</Filter>
    </ClCompile>
    <ClCompile Include="ObjectWithCamera.cpp">
      <Filter>Source Files</Filter>
    </ClCompile>
    <ClCompile Include="Game.cpp">
      <Filter>Source Files</Filter>
    </ClCompile>
    <ClCompile Include="Menu.cpp">
      <Filter>Source Files</Filter>
    </ClCompile>
    <ClCompile Include="Track.cpp">
      <Filter>Source Files</Filter>
    </ClCompile>
    <ClCompile Include="GameClock.cpp">
      <Filter>Source Files</Filter>
    </ClCompile>
  </ItemGroup>
  <ItemGroup>
    <ClInclude Include="Object3D.h">
      <Filter>Header Files</Filter>
    </ClInclude>
    <ClInclude Include="GlobalStructures.h">
      <Filter>Header Files</Filter>
    </ClInclude>
    <ClInclude Include="Car.h">
      <Filter>Header Files</Filter>
    </ClInclude>
    <ClInclude Include="Wheel.h">
      <Filter>Header Files</Filter>
    </ClInclude>
    <ClInclude Include="MapManager.h">
      <Filter>Header Files</Filter>
    </ClInclude>
    <ClInclude Include="Orbit.h">
      <Filter>Header Files</Filter>
    </ClInclude>
    <ClInclude Include="MapObject.h">
      <Filter>Header Files</Filter>
    </ClInclude>
    <ClInclude Include="Barrier.h">
      <Filter>Header Files\MapObject</Filter>
    </ClInclude>
    <ClInclude Include="Building.h">
      <Filter>Header Files\MapObject</Filter>
    </ClInclude>
    <ClInclude Include="Common.h">
      <Filter>Header Files\MapObject</Filter>
    </ClInclude>
    <ClInclude Include="GreenArea.h">
      <Filter>Header Files\MapObject</Filter>
    </ClInclude>
    <ClInclude Include="HighlightedObject.h">
      <Filter>Header Files\MapObject</Filter>
    </ClInclude>
    <ClInclude Include="Parking.h">
      <Filter>Header Files\MapObject</Filter>
    </ClInclude>
    <ClInclude Include="River.h">
      <Filter>Header Files\MapObject</Filter>
    </ClInclude>
    <ClInclude Include="Street.h">
      <Filter>Header Files\MapObject</Filter>
    </ClInclude>
    <ClInclude Include="StreetLamp.h">
      <Filter>Header Files\MapObject</Filter>
    </ClInclude>
    <ClInclude Include="Bridge.h">
      <Filter>Header Files\MapObject</Filter>
    </ClInclude>
    <ClInclude Include="Railway.h">
      <Filter>Header Files\MapObject</Filter>
    </ClInclude>
    <ClInclude Include="Footway.h">
      <Filter>Header Files\MapObject</Filter>
    </ClInclude>
    <ClInclude Include="Roof.h">
      <Filter>Header Files\MapObject</Filter>
    </ClInclude>
    <ClInclude Include="PointInsidePolygonDetector.h">
      <Filter>Header Files</Filter>
    </ClInclude>
    <ClInclude Include="TextureManager.h">
      <Filter>Header Files</Filter>
    </ClInclude>
    <ClInclude Include="enum.h">
      <Filter>Header Files</Filter>
    </ClInclude>
    <ClInclude Include="Skybox.h">
      <Filter>Header Files\MapObject</Filter>
    </ClInclude>
    <ClInclude Include="Tree.h">
      <Filter>Header Files\MapObject</Filter>
    </ClInclude>
    <ClInclude Include="RelationalMapObject.h">
      <Filter>Header Files\MapObject</Filter>
    </ClInclude>
    <ClInclude Include="Water.h">
      <Filter>Header Files\MapObject</Filter>
    </ClInclude>
    <ClInclude Include="Riverbank.h">
      <Filter>Header Files\MapObject</Filter>
    </ClInclude>
    <ClInclude Include="BusShelter.h">
      <Filter>Header Files\MapObject</Filter>
    </ClInclude>
    <ClInclude Include="Crossing.h">
      <Filter>Header Files\MapObject</Filter>
    </ClInclude>
    <ClInclude Include="PasazGrunwaldzki.h">
      <Filter>Header Files\MapObject</Filter>
    </ClInclude>
    <ClInclude Include="Sedesowiec.h">
      <Filter>Header Files\MapObject</Filter>
    </ClInclude>
    <ClInclude Include="GrunwaldzkiCenter.h">
      <Filter>Header Files\MapObject</Filter>
    </ClInclude>
    <ClInclude Include="PwrC13.h">
      <Filter>Header Files\MapObject</Filter>
    </ClInclude>
    <ClInclude Include="MapContainer.h">
      <Filter>Header Files</Filter>
    </ClInclude>
    <ClInclude Include="CarGauge.h">
      <Filter>Header Files</Filter>
    </ClInclude>
    <ClInclude Include="CarParts.h">
      <Filter>Header Files</Filter>
    </ClInclude>
    <ClInclude Include="freetype.h">
      <Filter>Header Files</Filter>
    </ClInclude>
    <ClInclude Include="Screen2D.h">
      <Filter>Header Files</Filter>
    </ClInclude>
    <ClInclude Include="GlobalVariables.h">
      <Filter>Header Files</Filter>
    </ClInclude>
    <ClInclude Include="carDB.h">
      <Filter>Header Files</Filter>
    </ClInclude>
    <ClInclude Include="SoundManager.h">
      <Filter>Header Files</Filter>
    </ClInclude>
    <ClInclude Include="PacejkaModel.h">
      <Filter>Header Files</Filter>
    </ClInclude>
    <ClInclude Include="KeyboardManager.h">
      <Filter>Header Files</Filter>
    </ClInclude>
    <ClInclude Include="RaceTimer.h">
      <Filter>Header Files</Filter>
    </ClInclude>
    <ClInclude Include="MetaLine.h">
      <Filter>Header Files\MapObject</Filter>
    </ClInclude>
    <ClInclude Include="CameraManager.h">
      <Filter>Header Files</Filter>
    </ClInclude>
    <ClInclude Include="ObjectWithCamera.h">
      <Filter>Header Files</Filter>
    </ClInclude>
    <ClInclude Include="Game.h">
      <Filter>Header Files</Filter>
    </ClInclude>
    <ClInclude Include="Menu.h">
      <Filter>Header Files</Filter>
    </ClInclude>
    <ClInclude Include="Track.h">
      <Filter>Header Files</Filter>
    </ClInclude>
    <ClInclude Include="GameClock.h">
      <Filter>Header Files\MapObject</Filter>
    </ClInclude>
  </ItemGroup>
</Project>